PODS:
  - SDWebImage (4.0.0):
    - SDWebImage/Core (= 4.0.0)
  - SDWebImage/Core (4.0.0)
  - SVProgressHUD (1.1)
  - YLGIFImage (0.11)

DEPENDENCIES:
  - SDWebImage (~> 4.0.0)
  - SVProgressHUD
  - YLGIFImage

SPEC CHECKSUMS:
  SDWebImage: 76a6348bdc74eb5a55dd08a091ef298e56b55e41
  SVProgressHUD: 54de4d9ab38aa3f688da401f5766a5738084e7fb
  YLGIFImage: c0ae132fe80e5282b2762a97d14e23ba71a748ae

PODFILE CHECKSUM: 424260f340bdefc0df8b08116d8e79c4ef1011d6

COCOAPODS: 1.2.1
